
Microsoft Visual Studio Solution File, Format Version 12.00
# Visual Studio 15
VisualStudioVersion = 15.0.27428.2005
MinimumVisualStudioVersion = 10.0.40219.1
Project("{FAE04EC0-301F-11D3-BF4B-00C04F79EFBC}") = "FizzBuzz", "FizzBuzz\FizzBuzz.csproj", "{333F26A2-ECB9-4352-8802-7B7B47C23260}"
EndProject
Global
	GlobalSection(SolutionConfigurationPlatforms) = preSolution
		Debug|Any CPU = Debug|Any CPU
		Release|Any CPU = Release|Any CPU
	EndGlobalSection
	GlobalSection(ProjectConfigurationPlatforms) = postSolution
		{333F26A2-ECB9-4352-8802-7B7B47C23260}.Debug|Any CPU.ActiveCfg = Debug|Any CPU
		{333F26A2-ECB9-4352-8802-7B7B47C23260}.Debug|Any CPU.Build.0 = Debug|Any CPU
		{333F26A2-ECB9-4352-8802-7B7B47C23260}.Release|Any CPU.ActiveCfg = Release|Any CPU
		{333F26A2-ECB9-4352-8802-7B7B47C23260}.Release|Any CPU.Build.0 = Release|Any CPU
	EndGlobalSection
	GlobalSection(SolutionProperties) = preSolution
		HideSolutionNode = FALSE
	EndGlobalSection
	GlobalSection(ExtensibilityGlobals) = postSolution
		SolutionGuid = {B6A0F321-F136-47A8-9727-E03D328CDC5C}
	EndGlobalSection
EndGlobal
