
Microsoft Visual Studio Solution File, Format Version 12.00
# Visual Studio 15
VisualStudioVersion = 15.0.27428.2005
MinimumVisualStudioVersion = 10.0.40219.1
Project("{FAE04EC0-301F-11D3-BF4B-00C04F79EFBC}") = "ChallengePostalCalculatorHelperMethods", "ChallengePostalCalculatorHelperMethods\ChallengePostalCalculatorHelperMethods.csproj", "{BDE8E083-D719-40E8-B8EB-305F4CCE5A6B}"
EndProject
Global
	GlobalSection(SolutionConfigurationPlatforms) = preSolution
		Debug|Any CPU = Debug|Any CPU
		Release|Any CPU = Release|Any CPU
	EndGlobalSection
	GlobalSection(ProjectConfigurationPlatforms) = postSolution
		{BDE8E083-D719-40E8-B8EB-305F4CCE5A6B}.Debug|Any CPU.ActiveCfg = Debug|Any CPU
		{BDE8E083-D719-40E8-B8EB-305F4CCE5A6B}.Debug|Any CPU.Build.0 = Debug|Any CPU
		{BDE8E083-D719-40E8-B8EB-305F4CCE5A6B}.Release|Any CPU.ActiveCfg = Release|Any CPU
		{BDE8E083-D719-40E8-B8EB-305F4CCE5A6B}.Release|Any CPU.Build.0 = Release|Any CPU
	EndGlobalSection
	GlobalSection(SolutionProperties) = preSolution
		HideSolutionNode = FALSE
	EndGlobalSection
	GlobalSection(ExtensibilityGlobals) = postSolution
		SolutionGuid = {02966A1D-50F3-40B5-9E7E-32830965356E}
	EndGlobalSection
EndGlobal
