
Microsoft Visual Studio Solution File, Format Version 12.00
# Visual Studio 15
VisualStudioVersion = 15.0.27428.2005
MinimumVisualStudioVersion = 10.0.40219.1
Project("{FAE04EC0-301F-11D3-BF4B-00C04F79EFBC}") = "BubbleSort", "bubblesort-once\BubbleSort.csproj", "{A745B33C-BF07-4D32-911B-9501A5DFFCA9}"
EndProject
Global
	GlobalSection(SolutionConfigurationPlatforms) = preSolution
		Debug|Any CPU = Debug|Any CPU
		Release|Any CPU = Release|Any CPU
	EndGlobalSection
	GlobalSection(ProjectConfigurationPlatforms) = postSolution
		{A745B33C-BF07-4D32-911B-9501A5DFFCA9}.Debug|Any CPU.ActiveCfg = Debug|Any CPU
		{A745B33C-BF07-4D32-911B-9501A5DFFCA9}.Debug|Any CPU.Build.0 = Debug|Any CPU
		{A745B33C-BF07-4D32-911B-9501A5DFFCA9}.Release|Any CPU.ActiveCfg = Release|Any CPU
		{A745B33C-BF07-4D32-911B-9501A5DFFCA9}.Release|Any CPU.Build.0 = Release|Any CPU
	EndGlobalSection
	GlobalSection(SolutionProperties) = preSolution
		HideSolutionNode = FALSE
	EndGlobalSection
	GlobalSection(ExtensibilityGlobals) = postSolution
		SolutionGuid = {33107A7D-5742-416D-A47D-BB3BF8175DD6}
	EndGlobalSection
EndGlobal
