
Microsoft Visual Studio Solution File, Format Version 12.00
# Visual Studio 15
VisualStudioVersion = 15.0.27130.2036
MinimumVisualStudioVersion = 10.0.40219.1
Project("{FAE04EC0-301F-11D3-BF4B-00C04F79EFBC}") = "ScheduleUsers", "ScheduleUsers\ScheduleUsers.csproj", "{C0BC149C-883A-48E7-A9F1-86D68E99F5D5}"
EndProject
Global
	GlobalSection(SolutionConfigurationPlatforms) = preSolution
		Debug|Any CPU = Debug|Any CPU
		Release|Any CPU = Release|Any CPU
	EndGlobalSection
	GlobalSection(ProjectConfigurationPlatforms) = postSolution
		{C0BC149C-883A-48E7-A9F1-86D68E99F5D5}.Debug|Any CPU.ActiveCfg = Debug|Any CPU
		{C0BC149C-883A-48E7-A9F1-86D68E99F5D5}.Debug|Any CPU.Build.0 = Debug|Any CPU
		{C0BC149C-883A-48E7-A9F1-86D68E99F5D5}.Release|Any CPU.ActiveCfg = Release|Any CPU
		{C0BC149C-883A-48E7-A9F1-86D68E99F5D5}.Release|Any CPU.Build.0 = Release|Any CPU
	EndGlobalSection
	GlobalSection(SolutionProperties) = preSolution
		HideSolutionNode = FALSE
	EndGlobalSection
	GlobalSection(ExtensibilityGlobals) = postSolution
		SolutionGuid = {1D1F7CCE-9467-45A4-AB84-F37FEAD203D2}
	EndGlobalSection
	GlobalSection(TeamFoundationVersionControl) = preSolution
		SccNumberOfProjects = 2
		SccEnterpriseProvider = {4CA58AB2-18FA-4F8D-95D4-32DDF27D184C}
		SccTeamFoundationServer = https://seattletechacademy.visualstudio.com/
		SccLocalPath0 = .
		SccProjectUniqueName1 = ScheduleUsers\\ScheduleUsers.csproj
		SccProjectName1 = ScheduleUsers
		SccLocalPath1 = ScheduleUsers
	EndGlobalSection
EndGlobal
