
Microsoft Visual Studio Solution File, Format Version 12.00
# Visual Studio 15
VisualStudioVersion = 15.0.27428.2005
MinimumVisualStudioVersion = 10.0.40219.1
Project("{FAE04EC0-301F-11D3-BF4B-00C04F79EFBC}") = "ChallengeDaysBetweenDates", "ChallengeDaysBetweenDates\ChallengeDaysBetweenDates.csproj", "{FD4055FE-43FE-4D89-905F-B40E8FC8A073}"
EndProject
Global
	GlobalSection(SolutionConfigurationPlatforms) = preSolution
		Debug|Any CPU = Debug|Any CPU
		Release|Any CPU = Release|Any CPU
	EndGlobalSection
	GlobalSection(ProjectConfigurationPlatforms) = postSolution
		{FD4055FE-43FE-4D89-905F-B40E8FC8A073}.Debug|Any CPU.ActiveCfg = Debug|Any CPU
		{FD4055FE-43FE-4D89-905F-B40E8FC8A073}.Debug|Any CPU.Build.0 = Debug|Any CPU
		{FD4055FE-43FE-4D89-905F-B40E8FC8A073}.Release|Any CPU.ActiveCfg = Release|Any CPU
		{FD4055FE-43FE-4D89-905F-B40E8FC8A073}.Release|Any CPU.Build.0 = Release|Any CPU
	EndGlobalSection
	GlobalSection(SolutionProperties) = preSolution
		HideSolutionNode = FALSE
	EndGlobalSection
	GlobalSection(ExtensibilityGlobals) = postSolution
		SolutionGuid = {A6273AB7-C741-49DB-81A4-CE2A7A7DF46E}
	EndGlobalSection
EndGlobal
