
Microsoft Visual Studio Solution File, Format Version 12.00
# Visual Studio 15
VisualStudioVersion = 15.0.27428.2005
MinimumVisualStudioVersion = 10.0.40219.1
Project("{FAE04EC0-301F-11D3-BF4B-00C04F79EFBC}") = "zen3displayPicture", "zen3displayPicture\zen3displayPicture.csproj", "{7CD08948-23D9-43EE-B1AF-D6E6C7760672}"
EndProject
Global
	GlobalSection(SolutionConfigurationPlatforms) = preSolution
		Debug|Any CPU = Debug|Any CPU
		Release|Any CPU = Release|Any CPU
	EndGlobalSection
	GlobalSection(ProjectConfigurationPlatforms) = postSolution
		{7CD08948-23D9-43EE-B1AF-D6E6C7760672}.Debug|Any CPU.ActiveCfg = Debug|Any CPU
		{7CD08948-23D9-43EE-B1AF-D6E6C7760672}.Debug|Any CPU.Build.0 = Debug|Any CPU
		{7CD08948-23D9-43EE-B1AF-D6E6C7760672}.Release|Any CPU.ActiveCfg = Release|Any CPU
		{7CD08948-23D9-43EE-B1AF-D6E6C7760672}.Release|Any CPU.Build.0 = Release|Any CPU
	EndGlobalSection
	GlobalSection(SolutionProperties) = preSolution
		HideSolutionNode = FALSE
	EndGlobalSection
	GlobalSection(ExtensibilityGlobals) = postSolution
		SolutionGuid = {23A906EB-EFF6-4367-8DAA-AD14CD5BF036}
	EndGlobalSection
EndGlobal
