
Microsoft Visual Studio Solution File, Format Version 12.00
# Visual Studio 15
VisualStudioVersion = 15.0.27428.2005
MinimumVisualStudioVersion = 10.0.40219.1
Project("{FAE04EC0-301F-11D3-BF4B-00C04F79EFBC}") = "factorial-recursive", "factorial-recursive\factorial-recursive.csproj", "{C035C754-8E24-4E94-AC67-0A8A537DF7C5}"
EndProject
Global
	GlobalSection(SolutionConfigurationPlatforms) = preSolution
		Debug|Any CPU = Debug|Any CPU
		Release|Any CPU = Release|Any CPU
	EndGlobalSection
	GlobalSection(ProjectConfigurationPlatforms) = postSolution
		{C035C754-8E24-4E94-AC67-0A8A537DF7C5}.Debug|Any CPU.ActiveCfg = Debug|Any CPU
		{C035C754-8E24-4E94-AC67-0A8A537DF7C5}.Debug|Any CPU.Build.0 = Debug|Any CPU
		{C035C754-8E24-4E94-AC67-0A8A537DF7C5}.Release|Any CPU.ActiveCfg = Release|Any CPU
		{C035C754-8E24-4E94-AC67-0A8A537DF7C5}.Release|Any CPU.Build.0 = Release|Any CPU
	EndGlobalSection
	GlobalSection(SolutionProperties) = preSolution
		HideSolutionNode = FALSE
	EndGlobalSection
	GlobalSection(ExtensibilityGlobals) = postSolution
		SolutionGuid = {2940110F-3133-4499-9090-1748B52D2610}
	EndGlobalSection
EndGlobal
