
Microsoft Visual Studio Solution File, Format Version 12.00
# Visual Studio 15
VisualStudioVersion = 15.0.27428.2005
MinimumVisualStudioVersion = 10.0.40219.1
Project("{FAE04EC0-301F-11D3-BF4B-00C04F79EFBC}") = "ChallengeEpicSpiesAssetTracker", "ChallengeEpicSpiesAssetTracker\ChallengeEpicSpiesAssetTracker.csproj", "{B8DEEE17-D91A-4A6A-8759-B0A7D3E7189B}"
EndProject
Global
	GlobalSection(SolutionConfigurationPlatforms) = preSolution
		Debug|Any CPU = Debug|Any CPU
		Release|Any CPU = Release|Any CPU
	EndGlobalSection
	GlobalSection(ProjectConfigurationPlatforms) = postSolution
		{B8DEEE17-D91A-4A6A-8759-B0A7D3E7189B}.Debug|Any CPU.ActiveCfg = Debug|Any CPU
		{B8DEEE17-D91A-4A6A-8759-B0A7D3E7189B}.Debug|Any CPU.Build.0 = Debug|Any CPU
		{B8DEEE17-D91A-4A6A-8759-B0A7D3E7189B}.Release|Any CPU.ActiveCfg = Release|Any CPU
		{B8DEEE17-D91A-4A6A-8759-B0A7D3E7189B}.Release|Any CPU.Build.0 = Release|Any CPU
	EndGlobalSection
	GlobalSection(SolutionProperties) = preSolution
		HideSolutionNode = FALSE
	EndGlobalSection
	GlobalSection(ExtensibilityGlobals) = postSolution
		SolutionGuid = {0EDEFF5C-4CAA-4CDE-AD0C-6ADEDC776160}
	EndGlobalSection
EndGlobal
