
Microsoft Visual Studio Solution File, Format Version 12.00
# Visual Studio 15
VisualStudioVersion = 15.0.27428.2005
MinimumVisualStudioVersion = 10.0.40219.1
Project("{FAE04EC0-301F-11D3-BF4B-00C04F79EFBC}") = "ACME", "ACME\ACME.csproj", "{384BA04C-EB1D-407B-9BFE-AE82BEFE9C65}"
EndProject
Global
	GlobalSection(SolutionConfigurationPlatforms) = preSolution
		Debug|Any CPU = Debug|Any CPU
		Release|Any CPU = Release|Any CPU
	EndGlobalSection
	GlobalSection(ProjectConfigurationPlatforms) = postSolution
		{384BA04C-EB1D-407B-9BFE-AE82BEFE9C65}.Debug|Any CPU.ActiveCfg = Debug|Any CPU
		{384BA04C-EB1D-407B-9BFE-AE82BEFE9C65}.Debug|Any CPU.Build.0 = Debug|Any CPU
		{384BA04C-EB1D-407B-9BFE-AE82BEFE9C65}.Release|Any CPU.ActiveCfg = Release|Any CPU
		{384BA04C-EB1D-407B-9BFE-AE82BEFE9C65}.Release|Any CPU.Build.0 = Release|Any CPU
	EndGlobalSection
	GlobalSection(SolutionProperties) = preSolution
		HideSolutionNode = FALSE
	EndGlobalSection
	GlobalSection(ExtensibilityGlobals) = postSolution
		SolutionGuid = {9B7CAEFF-126D-4C75-A6C6-CB256A91EE71}
	EndGlobalSection
EndGlobal
